
Microsoft Visual Studio Solution File, Format Version 12.00
# Visual Studio 15
VisualStudioVersion = 15.0.27130.2024
MinimumVisualStudioVersion = 10.0.40219.1
Project("{FAE04EC0-301F-11D3-BF4B-00C04F79EFBC}") = "Exercise2A", "Exercise2A\Exercise2A.csproj", "{A9892B4E-B780-4E77-AC50-A1F1E503F22C}"
EndProject
Global
	GlobalSection(SolutionConfigurationPlatforms) = preSolution
		Debug|Any CPU = Debug|Any CPU
		Release|Any CPU = Release|Any CPU
	EndGlobalSection
	GlobalSection(ProjectConfigurationPlatforms) = postSolution
		{A9892B4E-B780-4E77-AC50-A1F1E503F22C}.Debug|Any CPU.ActiveCfg = Debug|Any CPU
		{A9892B4E-B780-4E77-AC50-A1F1E503F22C}.Debug|Any CPU.Build.0 = Debug|Any CPU
		{A9892B4E-B780-4E77-AC50-A1F1E503F22C}.Release|Any CPU.ActiveCfg = Release|Any CPU
		{A9892B4E-B780-4E77-AC50-A1F1E503F22C}.Release|Any CPU.Build.0 = Release|Any CPU
	EndGlobalSection
	GlobalSection(SolutionProperties) = preSolution
		HideSolutionNode = FALSE
	EndGlobalSection
	GlobalSection(ExtensibilityGlobals) = postSolution
		SolutionGuid = {20FF1ADF-1F8D-4F88-8AAD-B1918F1F2B28}
	EndGlobalSection
EndGlobal
